
Microsoft Visual Studio Solution File, Format Version 12.00
# Visual Studio Version 17
VisualStudioVersion = 17.3.32922.545
MinimumVisualStudioVersion = 10.0.40219.1
Project("{FAE04EC0-301F-11D3-BF4B-00C04F79EFBC}") = "Excercise2_Muhammad Fahrizal_126", "Excercise2_Muhammad Fahrizal_126\Excercise2_Muhammad Fahrizal_126.csproj", "{A42BE841-DCA9-4B3A-8596-9E9E5B6C9960}"
EndProject
Global
	GlobalSection(SolutionConfigurationPlatforms) = preSolution
		Debug|Any CPU = Debug|Any CPU
		Release|Any CPU = Release|Any CPU
	EndGlobalSection
	GlobalSection(ProjectConfigurationPlatforms) = postSolution
		{A42BE841-DCA9-4B3A-8596-9E9E5B6C9960}.Debug|Any CPU.ActiveCfg = Debug|Any CPU
		{A42BE841-DCA9-4B3A-8596-9E9E5B6C9960}.Debug|Any CPU.Build.0 = Debug|Any CPU
		{A42BE841-DCA9-4B3A-8596-9E9E5B6C9960}.Release|Any CPU.ActiveCfg = Release|Any CPU
		{A42BE841-DCA9-4B3A-8596-9E9E5B6C9960}.Release|Any CPU.Build.0 = Release|Any CPU
	EndGlobalSection
	GlobalSection(SolutionProperties) = preSolution
		HideSolutionNode = FALSE
	EndGlobalSection
	GlobalSection(ExtensibilityGlobals) = postSolution
		SolutionGuid = {45909CBD-EAF9-410A-AFDF-CD4B9CAC6450}
	EndGlobalSection
EndGlobal
